
Microsoft Visual Studio Solution File, Format Version 12.00
# Visual Studio Version 17
VisualStudioVersion = 17.12.35527.113
MinimumVisualStudioVersion = 10.0.40219.1
Project("{FAE04EC0-301F-11D3-BF4B-00C04F79EFBC}") = "RetroAchievements", "RetroAchievements\RetroAchievements.csproj", "{C976BC15-0DC4-4950-8BB1-0466B7B79A41}"
EndProject
Project("{FAE04EC0-301F-11D3-BF4B-00C04F79EFBC}") = "RASharpIntegration", "Libraries\RASharpIntegration\RASharpIntegration.csproj", "{D37DCDC9-8281-4C46-A4EF-7692F68A12FB}"
EndProject
Global
	GlobalSection(SolutionConfigurationPlatforms) = preSolution
		Debug|Any CPU = Debug|Any CPU
		Release|Any CPU = Release|Any CPU
	EndGlobalSection
	GlobalSection(ProjectConfigurationPlatforms) = postSolution
		{C976BC15-0DC4-4950-8BB1-0466B7B79A41}.Debug|Any CPU.ActiveCfg = Debug|Any CPU
		{C976BC15-0DC4-4950-8BB1-0466B7B79A41}.Debug|Any CPU.Build.0 = Debug|Any CPU
		{C976BC15-0DC4-4950-8BB1-0466B7B79A41}.Release|Any CPU.ActiveCfg = Release|Any CPU
		{C976BC15-0DC4-4950-8BB1-0466B7B79A41}.Release|Any CPU.Build.0 = Release|Any CPU
		{D37DCDC9-8281-4C46-A4EF-7692F68A12FB}.Debug|Any CPU.ActiveCfg = Debug|Any CPU
		{D37DCDC9-8281-4C46-A4EF-7692F68A12FB}.Debug|Any CPU.Build.0 = Debug|Any CPU
		{D37DCDC9-8281-4C46-A4EF-7692F68A12FB}.Release|Any CPU.ActiveCfg = Release|Any CPU
		{D37DCDC9-8281-4C46-A4EF-7692F68A12FB}.Release|Any CPU.Build.0 = Release|Any CPU
	EndGlobalSection
	GlobalSection(SolutionProperties) = preSolution
		HideSolutionNode = FALSE
	EndGlobalSection
EndGlobal
